
Microsoft Visual Studio Solution File, Format Version 12.00
# Visual Studio 15
VisualStudioVersion = 15.0.26403.0
MinimumVisualStudioVersion = 10.0.40219.1
Project("{FAE04EC0-301F-11D3-BF4B-00C04F79EFBC}") = "JSONAPI", "JSONAPI\JSONAPI.csproj", "{52B19FD6-EFAA-45B5-9C3E-A652E27608D1}"
EndProject
Project("{2150E333-8FDC-42A3-9474-1A3956D46DE8}") = "Solution Items", "Solution Items", "{550F1F3B-83B1-43F1-A343-DF15E3DEEB12}"
	ProjectSection(SolutionItems) = preProject
		.gitignore = .gitignore
	EndProjectSection
EndProject
Project("{FAE04EC0-301F-11D3-BF4B-00C04F79EFBC}") = "JSONAPI.Tests", "JSONAPI.Tests\JSONAPI.Tests.csproj", "{8299ECFA-EA68-4C1D-9488-0D213D15D644}"
EndProject
Project("{FAE04EC0-301F-11D3-BF4B-00C04F79EFBC}") = "JSONAPI.EntityFramework", "JSONAPI.EntityFramework\JSONAPI.EntityFramework.csproj", "{E906356C-93F6-41F6-9A0D-73B8A99AA53C}"
EndProject
Project("{FAE04EC0-301F-11D3-BF4B-00C04F79EFBC}") = "JSONAPI.EntityFramework.Tests", "JSONAPI.EntityFramework.Tests\JSONAPI.EntityFramework.Tests.csproj", "{00655E05-F1BB-425D-92F3-659EFB581439}"
EndProject
Project("{2150E333-8FDC-42A3-9474-1A3956D46DE8}") = ".nuget", ".nuget", "{021B87D3-E627-47EE-98C7-AB3922C1EABF}"
	ProjectSection(SolutionItems) = preProject
		.nuget\NuGet.Config = .nuget\NuGet.Config
		.nuget\NuGet.exe = .nuget\NuGet.exe
		.nuget\NuGet.targets = .nuget\NuGet.targets
	EndProjectSection
EndProject
Project("{FAE04EC0-301F-11D3-BF4B-00C04F79EFBC}") = "JSONAPI.TodoMVC.API", "JSONAPI.TodoMVC.API\JSONAPI.TodoMVC.API.csproj", "{ECFA3EC5-47B8-4060-925E-9205146D6562}"
EndProject
Project("{FAE04EC0-301F-11D3-BF4B-00C04F79EFBC}") = "JSONAPI.AcceptanceTests.EntityFrameworkTestWebApp", "JSONAPI.AcceptanceTests.EntityFrameworkTestWebApp\JSONAPI.AcceptanceTests.EntityFrameworkTestWebApp.csproj", "{76DEE472-723B-4BE6-8B97-428AC326E30F}"
EndProject
Project("{FAE04EC0-301F-11D3-BF4B-00C04F79EFBC}") = "JSONAPI.Autofac", "JSONAPI.Autofac\JSONAPI.Autofac.csproj", "{AF7861F3-550B-4F70-A33E-1E5F48D39333}"
EndProject
Project("{FAE04EC0-301F-11D3-BF4B-00C04F79EFBC}") = "JSONAPI.Autofac.EntityFramework", "JSONAPI.Autofac.EntityFramework\JSONAPI.Autofac.EntityFramework.csproj", "{64ABE648-EFCB-46EE-9E1A-E163F52BF372}"
EndProject
Project("{FAE04EC0-301F-11D3-BF4B-00C04F79EFBC}") = "JSONAPI.AcceptanceTests.EntityFrameworkTestWebApp.Tests", "JSONAPI.AcceptanceTests.EntityFrameworkTestWebApp.Tests\JSONAPI.AcceptanceTests.EntityFrameworkTestWebApp.Tests.csproj", "{58AEF8B8-8D51-4175-AC96-BC622703E8BB}"
EndProject
Project("{FAE04EC0-301F-11D3-BF4B-00C04F79EFBC}") = "JSONAPI.Autofac.Tests", "JSONAPI.Autofac.Tests\JSONAPI.Autofac.Tests.csproj", "{AEA3C57B-8360-42FF-95E8-0F3A6BA5BCB1}"
EndProject
Project("{FAE04EC0-301F-11D3-BF4B-00C04F79EFBC}") = "JSONAPI.WebApi", "JSONAPI.WebApi\JSONAPI.WebApi.csproj", "{6CE7F3BD-2D61-44C3-828F-15D073C30690}"
EndProject
Global
	GlobalSection(SolutionConfigurationPlatforms) = preSolution
		Debug|Any CPU = Debug|Any CPU
		Debug|ARM = Debug|ARM
		Debug|x64 = Debug|x64
		Debug|x86 = Debug|x86
		Osx_Debug|Any CPU = Osx_Debug|Any CPU
		Osx_Debug|ARM = Osx_Debug|ARM
		Osx_Debug|x64 = Osx_Debug|x64
		Osx_Debug|x86 = Osx_Debug|x86
		Osx_Release|Any CPU = Osx_Release|Any CPU
		Osx_Release|ARM = Osx_Release|ARM
		Osx_Release|x64 = Osx_Release|x64
		Osx_Release|x86 = Osx_Release|x86
		Release|Any CPU = Release|Any CPU
		Release|ARM = Release|ARM
		Release|x64 = Release|x64
		Release|x86 = Release|x86
		Ubuntu_Debug|Any CPU = Ubuntu_Debug|Any CPU
		Ubuntu_Debug|ARM = Ubuntu_Debug|ARM
		Ubuntu_Debug|x64 = Ubuntu_Debug|x64
		Ubuntu_Debug|x86 = Ubuntu_Debug|x86
		Ubuntu_Release|Any CPU = Ubuntu_Release|Any CPU
		Ubuntu_Release|ARM = Ubuntu_Release|ARM
		Ubuntu_Release|x64 = Ubuntu_Release|x64
		Ubuntu_Release|x86 = Ubuntu_Release|x86
	EndGlobalSection
	GlobalSection(ProjectConfigurationPlatforms) = postSolution
		{52B19FD6-EFAA-45B5-9C3E-A652E27608D1}.Debug|Any CPU.ActiveCfg = Debug|Any CPU
		{52B19FD6-EFAA-45B5-9C3E-A652E27608D1}.Debug|Any CPU.Build.0 = Debug|Any CPU
		{52B19FD6-EFAA-45B5-9C3E-A652E27608D1}.Debug|ARM.ActiveCfg = Debug|Any CPU
		{52B19FD6-EFAA-45B5-9C3E-A652E27608D1}.Debug|x64.ActiveCfg = Debug|Any CPU
		{52B19FD6-EFAA-45B5-9C3E-A652E27608D1}.Debug|x86.ActiveCfg = Debug|Any CPU
		{52B19FD6-EFAA-45B5-9C3E-A652E27608D1}.Osx_Debug|Any CPU.ActiveCfg = Debug|Any CPU
		{52B19FD6-EFAA-45B5-9C3E-A652E27608D1}.Osx_Debug|ARM.ActiveCfg = Debug|Any CPU
		{52B19FD6-EFAA-45B5-9C3E-A652E27608D1}.Osx_Debug|x64.ActiveCfg = Debug|Any CPU
		{52B19FD6-EFAA-45B5-9C3E-A652E27608D1}.Osx_Debug|x86.ActiveCfg = Debug|Any CPU
		{52B19FD6-EFAA-45B5-9C3E-A652E27608D1}.Osx_Release|Any CPU.ActiveCfg = Release|Any CPU
		{52B19FD6-EFAA-45B5-9C3E-A652E27608D1}.Osx_Release|ARM.ActiveCfg = Release|Any CPU
		{52B19FD6-EFAA-45B5-9C3E-A652E27608D1}.Osx_Release|x64.ActiveCfg = Release|Any CPU
		{52B19FD6-EFAA-45B5-9C3E-A652E27608D1}.Osx_Release|x86.ActiveCfg = Release|Any CPU
		{52B19FD6-EFAA-45B5-9C3E-A652E27608D1}.Release|Any CPU.ActiveCfg = Release|Any CPU
		{52B19FD6-EFAA-45B5-9C3E-A652E27608D1}.Release|Any CPU.Build.0 = Release|Any CPU
		{52B19FD6-EFAA-45B5-9C3E-A652E27608D1}.Release|ARM.ActiveCfg = Release|Any CPU
		{52B19FD6-EFAA-45B5-9C3E-A652E27608D1}.Release|x64.ActiveCfg = Release|Any CPU
		{52B19FD6-EFAA-45B5-9C3E-A652E27608D1}.Release|x86.ActiveCfg = Release|Any CPU
		{52B19FD6-EFAA-45B5-9C3E-A652E27608D1}.Ubuntu_Debug|Any CPU.ActiveCfg = Debug|Any CPU
		{52B19FD6-EFAA-45B5-9C3E-A652E27608D1}.Ubuntu_Debug|ARM.ActiveCfg = Debug|Any CPU
		{52B19FD6-EFAA-45B5-9C3E-A652E27608D1}.Ubuntu_Debug|x64.ActiveCfg = Debug|Any CPU
		{52B19FD6-EFAA-45B5-9C3E-A652E27608D1}.Ubuntu_Debug|x86.ActiveCfg = Debug|Any CPU
		{52B19FD6-EFAA-45B5-9C3E-A652E27608D1}.Ubuntu_Release|Any CPU.ActiveCfg = Release|Any CPU
		{52B19FD6-EFAA-45B5-9C3E-A652E27608D1}.Ubuntu_Release|ARM.ActiveCfg = Release|Any CPU
		{52B19FD6-EFAA-45B5-9C3E-A652E27608D1}.Ubuntu_Release|x64.ActiveCfg = Release|Any CPU
		{52B19FD6-EFAA-45B5-9C3E-A652E27608D1}.Ubuntu_Release|x86.ActiveCfg = Release|Any CPU
		{8299ECFA-EA68-4C1D-9488-0D213D15D644}.Debug|Any CPU.ActiveCfg = Debug|Any CPU
		{8299ECFA-EA68-4C1D-9488-0D213D15D644}.Debug|ARM.ActiveCfg = Debug|Any CPU
		{8299ECFA-EA68-4C1D-9488-0D213D15D644}.Debug|x64.ActiveCfg = Debug|Any CPU
		{8299ECFA-EA68-4C1D-9488-0D213D15D644}.Debug|x86.ActiveCfg = Debug|Any CPU
		{8299ECFA-EA68-4C1D-9488-0D213D15D644}.Osx_Debug|Any CPU.ActiveCfg = Debug|Any CPU
		{8299ECFA-EA68-4C1D-9488-0D213D15D644}.Osx_Debug|ARM.ActiveCfg = Debug|Any CPU
		{8299ECFA-EA68-4C1D-9488-0D213D15D644}.Osx_Debug|x64.ActiveCfg = Debug|Any CPU
		{8299ECFA-EA68-4C1D-9488-0D213D15D644}.Osx_Debug|x86.ActiveCfg = Debug|Any CPU
		{8299ECFA-EA68-4C1D-9488-0D213D15D644}.Osx_Release|Any CPU.ActiveCfg = Release|Any CPU
		{8299ECFA-EA68-4C1D-9488-0D213D15D644}.Osx_Release|ARM.ActiveCfg = Release|Any CPU
		{8299ECFA-EA68-4C1D-9488-0D213D15D644}.Osx_Release|x64.ActiveCfg = Release|Any CPU
		{8299ECFA-EA68-4C1D-9488-0D213D15D644}.Osx_Release|x86.ActiveCfg = Release|Any CPU
		{8299ECFA-EA68-4C1D-9488-0D213D15D644}.Release|Any CPU.ActiveCfg = Release|Any CPU
		{8299ECFA-EA68-4C1D-9488-0D213D15D644}.Release|Any CPU.Build.0 = Release|Any CPU
		{8299ECFA-EA68-4C1D-9488-0D213D15D644}.Release|ARM.ActiveCfg = Release|Any CPU
		{8299ECFA-EA68-4C1D-9488-0D213D15D644}.Release|x64.ActiveCfg = Release|Any CPU
		{8299ECFA-EA68-4C1D-9488-0D213D15D644}.Release|x86.ActiveCfg = Release|Any CPU
		{8299ECFA-EA68-4C1D-9488-0D213D15D644}.Ubuntu_Debug|Any CPU.ActiveCfg = Debug|Any CPU
		{8299ECFA-EA68-4C1D-9488-0D213D15D644}.Ubuntu_Debug|ARM.ActiveCfg = Debug|Any CPU
		{8299ECFA-EA68-4C1D-9488-0D213D15D644}.Ubuntu_Debug|x64.ActiveCfg = Debug|Any CPU
		{8299ECFA-EA68-4C1D-9488-0D213D15D644}.Ubuntu_Debug|x86.ActiveCfg = Debug|Any CPU
		{8299ECFA-EA68-4C1D-9488-0D213D15D644}.Ubuntu_Release|Any CPU.ActiveCfg = Release|Any CPU
		{8299ECFA-EA68-4C1D-9488-0D213D15D644}.Ubuntu_Release|ARM.ActiveCfg = Release|Any CPU
		{8299ECFA-EA68-4C1D-9488-0D213D15D644}.Ubuntu_Release|x64.ActiveCfg = Release|Any CPU
		{8299ECFA-EA68-4C1D-9488-0D213D15D644}.Ubuntu_Release|x86.ActiveCfg = Release|Any CPU
		{E906356C-93F6-41F6-9A0D-73B8A99AA53C}.Debug|Any CPU.ActiveCfg = Debug|Any CPU
		{E906356C-93F6-41F6-9A0D-73B8A99AA53C}.Debug|ARM.ActiveCfg = Debug|Any CPU
		{E906356C-93F6-41F6-9A0D-73B8A99AA53C}.Debug|x64.ActiveCfg = Debug|Any CPU
		{E906356C-93F6-41F6-9A0D-73B8A99AA53C}.Debug|x86.ActiveCfg = Debug|Any CPU
		{E906356C-93F6-41F6-9A0D-73B8A99AA53C}.Osx_Debug|Any CPU.ActiveCfg = Debug|Any CPU
		{E906356C-93F6-41F6-9A0D-73B8A99AA53C}.Osx_Debug|ARM.ActiveCfg = Debug|Any CPU
		{E906356C-93F6-41F6-9A0D-73B8A99AA53C}.Osx_Debug|x64.ActiveCfg = Debug|Any CPU
		{E906356C-93F6-41F6-9A0D-73B8A99AA53C}.Osx_Debug|x86.ActiveCfg = Debug|Any CPU
		{E906356C-93F6-41F6-9A0D-73B8A99AA53C}.Osx_Release|Any CPU.ActiveCfg = Release|Any CPU
		{E906356C-93F6-41F6-9A0D-73B8A99AA53C}.Osx_Release|ARM.ActiveCfg = Release|Any CPU
		{E906356C-93F6-41F6-9A0D-73B8A99AA53C}.Osx_Release|x64.ActiveCfg = Release|Any CPU
		{E906356C-93F6-41F6-9A0D-73B8A99AA53C}.Osx_Release|x86.ActiveCfg = Release|Any CPU
		{E906356C-93F6-41F6-9A0D-73B8A99AA53C}.Release|Any CPU.ActiveCfg = Release|Any CPU
		{E906356C-93F6-41F6-9A0D-73B8A99AA53C}.Release|Any CPU.Build.0 = Release|Any CPU
		{E906356C-93F6-41F6-9A0D-73B8A99AA53C}.Release|ARM.ActiveCfg = Release|Any CPU
		{E906356C-93F6-41F6-9A0D-73B8A99AA53C}.Release|x64.ActiveCfg = Release|Any CPU
		{E906356C-93F6-41F6-9A0D-73B8A99AA53C}.Release|x86.ActiveCfg = Release|Any CPU
		{E906356C-93F6-41F6-9A0D-73B8A99AA53C}.Ubuntu_Debug|Any CPU.ActiveCfg = Debug|Any CPU
		{E906356C-93F6-41F6-9A0D-73B8A99AA53C}.Ubuntu_Debug|ARM.ActiveCfg = Debug|Any CPU
		{E906356C-93F6-41F6-9A0D-73B8A99AA53C}.Ubuntu_Debug|x64.ActiveCfg = Debug|Any CPU
		{E906356C-93F6-41F6-9A0D-73B8A99AA53C}.Ubuntu_Debug|x86.ActiveCfg = Debug|Any CPU
		{E906356C-93F6-41F6-9A0D-73B8A99AA53C}.Ubuntu_Release|Any CPU.ActiveCfg = Release|Any CPU
		{E906356C-93F6-41F6-9A0D-73B8A99AA53C}.Ubuntu_Release|ARM.ActiveCfg = Release|Any CPU
		{E906356C-93F6-41F6-9A0D-73B8A99AA53C}.Ubuntu_Release|x64.ActiveCfg = Release|Any CPU
		{E906356C-93F6-41F6-9A0D-73B8A99AA53C}.Ubuntu_Release|x86.ActiveCfg = Release|Any CPU
		{00655E05-F1BB-425D-92F3-659EFB581439}.Debug|Any CPU.ActiveCfg = Debug|Any CPU
		{00655E05-F1BB-425D-92F3-659EFB581439}.Debug|ARM.ActiveCfg = Debug|Any CPU
		{00655E05-F1BB-425D-92F3-659EFB581439}.Debug|x64.ActiveCfg = Debug|Any CPU
		{00655E05-F1BB-425D-92F3-659EFB581439}.Debug|x86.ActiveCfg = Debug|Any CPU
		{00655E05-F1BB-425D-92F3-659EFB581439}.Osx_Debug|Any CPU.ActiveCfg = Debug|Any CPU
		{00655E05-F1BB-425D-92F3-659EFB581439}.Osx_Debug|ARM.ActiveCfg = Debug|Any CPU
		{00655E05-F1BB-425D-92F3-659EFB581439}.Osx_Debug|x64.ActiveCfg = Debug|Any CPU
		{00655E05-F1BB-425D-92F3-659EFB581439}.Osx_Debug|x86.ActiveCfg = Debug|Any CPU
		{00655E05-F1BB-425D-92F3-659EFB581439}.Osx_Release|Any CPU.ActiveCfg = Release|Any CPU
		{00655E05-F1BB-425D-92F3-659EFB581439}.Osx_Release|ARM.ActiveCfg = Release|Any CPU
		{00655E05-F1BB-425D-92F3-659EFB581439}.Osx_Release|x64.ActiveCfg = Release|Any CPU
		{00655E05-F1BB-425D-92F3-659EFB581439}.Osx_Release|x86.ActiveCfg = Release|Any CPU
		{00655E05-F1BB-425D-92F3-659EFB581439}.Release|Any CPU.ActiveCfg = Release|Any CPU
		{00655E05-F1BB-425D-92F3-659EFB581439}.Release|Any CPU.Build.0 = Release|Any CPU
		{00655E05-F1BB-425D-92F3-659EFB581439}.Release|ARM.ActiveCfg = Release|Any CPU
		{00655E05-F1BB-425D-92F3-659EFB581439}.Release|x64.ActiveCfg = Release|Any CPU
		{00655E05-F1BB-425D-92F3-659EFB581439}.Release|x86.ActiveCfg = Release|Any CPU
		{00655E05-F1BB-425D-92F3-659EFB581439}.Ubuntu_Debug|Any CPU.ActiveCfg = Debug|Any CPU
		{00655E05-F1BB-425D-92F3-659EFB581439}.Ubuntu_Debug|ARM.ActiveCfg = Debug|Any CPU
		{00655E05-F1BB-425D-92F3-659EFB581439}.Ubuntu_Debug|x64.ActiveCfg = Debug|Any CPU
		{00655E05-F1BB-425D-92F3-659EFB581439}.Ubuntu_Debug|x86.ActiveCfg = Debug|Any CPU
		{00655E05-F1BB-425D-92F3-659EFB581439}.Ubuntu_Release|Any CPU.ActiveCfg = Release|Any CPU
		{00655E05-F1BB-425D-92F3-659EFB581439}.Ubuntu_Release|ARM.ActiveCfg = Release|Any CPU
		{00655E05-F1BB-425D-92F3-659EFB581439}.Ubuntu_Release|x64.ActiveCfg = Release|Any CPU
		{00655E05-F1BB-425D-92F3-659EFB581439}.Ubuntu_Release|x86.ActiveCfg = Release|Any CPU
		{ECFA3EC5-47B8-4060-925E-9205146D6562}.Debug|Any CPU.ActiveCfg = Debug|Any CPU
		{ECFA3EC5-47B8-4060-925E-9205146D6562}.Debug|ARM.ActiveCfg = Debug|Any CPU
		{ECFA3EC5-47B8-4060-925E-9205146D6562}.Debug|x64.ActiveCfg = Debug|Any CPU
		{ECFA3EC5-47B8-4060-925E-9205146D6562}.Debug|x86.ActiveCfg = Debug|Any CPU
		{ECFA3EC5-47B8-4060-925E-9205146D6562}.Osx_Debug|Any CPU.ActiveCfg = Debug|Any CPU
		{ECFA3EC5-47B8-4060-925E-9205146D6562}.Osx_Debug|ARM.ActiveCfg = Debug|Any CPU
		{ECFA3EC5-47B8-4060-925E-9205146D6562}.Osx_Debug|x64.ActiveCfg = Debug|Any CPU
		{ECFA3EC5-47B8-4060-925E-9205146D6562}.Osx_Debug|x86.ActiveCfg = Debug|Any CPU
		{ECFA3EC5-47B8-4060-925E-9205146D6562}.Osx_Release|Any CPU.ActiveCfg = Release|Any CPU
		{ECFA3EC5-47B8-4060-925E-9205146D6562}.Osx_Release|ARM.ActiveCfg = Release|Any CPU
		{ECFA3EC5-47B8-4060-925E-9205146D6562}.Osx_Release|x64.ActiveCfg = Release|Any CPU
		{ECFA3EC5-47B8-4060-925E-9205146D6562}.Osx_Release|x86.ActiveCfg = Release|Any CPU
		{ECFA3EC5-47B8-4060-925E-9205146D6562}.Release|Any CPU.ActiveCfg = Release|Any CPU
		{ECFA3EC5-47B8-4060-925E-9205146D6562}.Release|Any CPU.Build.0 = Release|Any CPU
		{ECFA3EC5-47B8-4060-925E-9205146D6562}.Release|ARM.ActiveCfg = Release|Any CPU
		{ECFA3EC5-47B8-4060-925E-9205146D6562}.Release|x64.ActiveCfg = Release|Any CPU
		{ECFA3EC5-47B8-4060-925E-9205146D6562}.Release|x86.ActiveCfg = Release|Any CPU
		{ECFA3EC5-47B8-4060-925E-9205146D6562}.Ubuntu_Debug|Any CPU.ActiveCfg = Debug|Any CPU
		{ECFA3EC5-47B8-4060-925E-9205146D6562}.Ubuntu_Debug|ARM.ActiveCfg = Debug|Any CPU
		{ECFA3EC5-47B8-4060-925E-9205146D6562}.Ubuntu_Debug|x64.ActiveCfg = Debug|Any CPU
		{ECFA3EC5-47B8-4060-925E-9205146D6562}.Ubuntu_Debug|x86.ActiveCfg = Debug|Any CPU
		{ECFA3EC5-47B8-4060-925E-9205146D6562}.Ubuntu_Release|Any CPU.ActiveCfg = Release|Any CPU
		{ECFA3EC5-47B8-4060-925E-9205146D6562}.Ubuntu_Release|ARM.ActiveCfg = Release|Any CPU
		{ECFA3EC5-47B8-4060-925E-9205146D6562}.Ubuntu_Release|x64.ActiveCfg = Release|Any CPU
		{ECFA3EC5-47B8-4060-925E-9205146D6562}.Ubuntu_Release|x86.ActiveCfg = Release|Any CPU
		{76DEE472-723B-4BE6-8B97-428AC326E30F}.Debug|Any CPU.ActiveCfg = Debug|Any CPU
		{76DEE472-723B-4BE6-8B97-428AC326E30F}.Debug|ARM.ActiveCfg = Debug|Any CPU
		{76DEE472-723B-4BE6-8B97-428AC326E30F}.Debug|x64.ActiveCfg = Debug|Any CPU
		{76DEE472-723B-4BE6-8B97-428AC326E30F}.Debug|x86.ActiveCfg = Debug|Any CPU
		{76DEE472-723B-4BE6-8B97-428AC326E30F}.Osx_Debug|Any CPU.ActiveCfg = Debug|Any CPU
		{76DEE472-723B-4BE6-8B97-428AC326E30F}.Osx_Debug|ARM.ActiveCfg = Debug|Any CPU
		{76DEE472-723B-4BE6-8B97-428AC326E30F}.Osx_Debug|x64.ActiveCfg = Debug|Any CPU
		{76DEE472-723B-4BE6-8B97-428AC326E30F}.Osx_Debug|x86.ActiveCfg = Debug|Any CPU
		{76DEE472-723B-4BE6-8B97-428AC326E30F}.Osx_Release|Any CPU.ActiveCfg = Release|Any CPU
		{76DEE472-723B-4BE6-8B97-428AC326E30F}.Osx_Release|ARM.ActiveCfg = Release|Any CPU
		{76DEE472-723B-4BE6-8B97-428AC326E30F}.Osx_Release|x64.ActiveCfg = Release|Any CPU
		{76DEE472-723B-4BE6-8B97-428AC326E30F}.Osx_Release|x86.ActiveCfg = Release|Any CPU
		{76DEE472-723B-4BE6-8B97-428AC326E30F}.Release|Any CPU.ActiveCfg = Release|Any CPU
		{76DEE472-723B-4BE6-8B97-428AC326E30F}.Release|Any CPU.Build.0 = Release|Any CPU
		{76DEE472-723B-4BE6-8B97-428AC326E30F}.Release|ARM.ActiveCfg = Release|Any CPU
		{76DEE472-723B-4BE6-8B97-428AC326E30F}.Release|x64.ActiveCfg = Release|Any CPU
		{76DEE472-723B-4BE6-8B97-428AC326E30F}.Release|x86.ActiveCfg = Release|Any CPU
		{76DEE472-723B-4BE6-8B97-428AC326E30F}.Ubuntu_Debug|Any CPU.ActiveCfg = Debug|Any CPU
		{76DEE472-723B-4BE6-8B97-428AC326E30F}.Ubuntu_Debug|ARM.ActiveCfg = Debug|Any CPU
		{76DEE472-723B-4BE6-8B97-428AC326E30F}.Ubuntu_Debug|x64.ActiveCfg = Debug|Any CPU
		{76DEE472-723B-4BE6-8B97-428AC326E30F}.Ubuntu_Debug|x86.ActiveCfg = Debug|Any CPU
		{76DEE472-723B-4BE6-8B97-428AC326E30F}.Ubuntu_Release|Any CPU.ActiveCfg = Release|Any CPU
		{76DEE472-723B-4BE6-8B97-428AC326E30F}.Ubuntu_Release|ARM.ActiveCfg = Release|Any CPU
		{76DEE472-723B-4BE6-8B97-428AC326E30F}.Ubuntu_Release|x64.ActiveCfg = Release|Any CPU
		{76DEE472-723B-4BE6-8B97-428AC326E30F}.Ubuntu_Release|x86.ActiveCfg = Release|Any CPU
		{AF7861F3-550B-4F70-A33E-1E5F48D39333}.Debug|Any CPU.ActiveCfg = Debug|Any CPU
		{AF7861F3-550B-4F70-A33E-1E5F48D39333}.Debug|ARM.ActiveCfg = Debug|Any CPU
		{AF7861F3-550B-4F70-A33E-1E5F48D39333}.Debug|x64.ActiveCfg = Debug|Any CPU
		{AF7861F3-550B-4F70-A33E-1E5F48D39333}.Debug|x86.ActiveCfg = Debug|Any CPU
		{AF7861F3-550B-4F70-A33E-1E5F48D39333}.Osx_Debug|Any CPU.ActiveCfg = Debug|Any CPU
		{AF7861F3-550B-4F70-A33E-1E5F48D39333}.Osx_Debug|ARM.ActiveCfg = Debug|Any CPU
		{AF7861F3-550B-4F70-A33E-1E5F48D39333}.Osx_Debug|x64.ActiveCfg = Debug|Any CPU
		{AF7861F3-550B-4F70-A33E-1E5F48D39333}.Osx_Debug|x86.ActiveCfg = Debug|Any CPU
		{AF7861F3-550B-4F70-A33E-1E5F48D39333}.Osx_Release|Any CPU.ActiveCfg = Release|Any CPU
		{AF7861F3-550B-4F70-A33E-1E5F48D39333}.Osx_Release|ARM.ActiveCfg = Release|Any CPU
		{AF7861F3-550B-4F70-A33E-1E5F48D39333}.Osx_Release|x64.ActiveCfg = Release|Any CPU
		{AF7861F3-550B-4F70-A33E-1E5F48D39333}.Osx_Release|x86.ActiveCfg = Release|Any CPU
		{AF7861F3-550B-4F70-A33E-1E5F48D39333}.Release|Any CPU.ActiveCfg = Release|Any CPU
		{AF7861F3-550B-4F70-A33E-1E5F48D39333}.Release|Any CPU.Build.0 = Release|Any CPU
		{AF7861F3-550B-4F70-A33E-1E5F48D39333}.Release|ARM.ActiveCfg = Release|Any CPU
		{AF7861F3-550B-4F70-A33E-1E5F48D39333}.Release|x64.ActiveCfg = Release|Any CPU
		{AF7861F3-550B-4F70-A33E-1E5F48D39333}.Release|x86.ActiveCfg = Release|Any CPU
		{AF7861F3-550B-4F70-A33E-1E5F48D39333}.Ubuntu_Debug|Any CPU.ActiveCfg = Debug|Any CPU
		{AF7861F3-550B-4F70-A33E-1E5F48D39333}.Ubuntu_Debug|ARM.ActiveCfg = Debug|Any CPU
		{AF7861F3-550B-4F70-A33E-1E5F48D39333}.Ubuntu_Debug|x64.ActiveCfg = Debug|Any CPU
		{AF7861F3-550B-4F70-A33E-1E5F48D39333}.Ubuntu_Debug|x86.ActiveCfg = Debug|Any CPU
		{AF7861F3-550B-4F70-A33E-1E5F48D39333}.Ubuntu_Release|Any CPU.ActiveCfg = Release|Any CPU
		{AF7861F3-550B-4F70-A33E-1E5F48D39333}.Ubuntu_Release|ARM.ActiveCfg = Release|Any CPU
		{AF7861F3-550B-4F70-A33E-1E5F48D39333}.Ubuntu_Release|x64.ActiveCfg = Release|Any CPU
		{AF7861F3-550B-4F70-A33E-1E5F48D39333}.Ubuntu_Release|x86.ActiveCfg = Release|Any CPU
		{64ABE648-EFCB-46EE-9E1A-E163F52BF372}.Debug|Any CPU.ActiveCfg = Debug|Any CPU
		{64ABE648-EFCB-46EE-9E1A-E163F52BF372}.Debug|ARM.ActiveCfg = Debug|Any CPU
		{64ABE648-EFCB-46EE-9E1A-E163F52BF372}.Debug|x64.ActiveCfg = Debug|Any CPU
		{64ABE648-EFCB-46EE-9E1A-E163F52BF372}.Debug|x86.ActiveCfg = Debug|Any CPU
		{64ABE648-EFCB-46EE-9E1A-E163F52BF372}.Osx_Debug|Any CPU.ActiveCfg = Debug|Any CPU
		{64ABE648-EFCB-46EE-9E1A-E163F52BF372}.Osx_Debug|ARM.ActiveCfg = Debug|Any CPU
		{64ABE648-EFCB-46EE-9E1A-E163F52BF372}.Osx_Debug|x64.ActiveCfg = Debug|Any CPU
		{64ABE648-EFCB-46EE-9E1A-E163F52BF372}.Osx_Debug|x86.ActiveCfg = Debug|Any CPU
		{64ABE648-EFCB-46EE-9E1A-E163F52BF372}.Osx_Release|Any CPU.ActiveCfg = Release|Any CPU
		{64ABE648-EFCB-46EE-9E1A-E163F52BF372}.Osx_Release|ARM.ActiveCfg = Release|Any CPU
		{64ABE648-EFCB-46EE-9E1A-E163F52BF372}.Osx_Release|x64.ActiveCfg = Release|Any CPU
		{64ABE648-EFCB-46EE-9E1A-E163F52BF372}.Osx_Release|x86.ActiveCfg = Release|Any CPU
		{64ABE648-EFCB-46EE-9E1A-E163F52BF372}.Release|Any CPU.ActiveCfg = Release|Any CPU
		{64ABE648-EFCB-46EE-9E1A-E163F52BF372}.Release|Any CPU.Build.0 = Release|Any CPU
		{64ABE648-EFCB-46EE-9E1A-E163F52BF372}.Release|ARM.ActiveCfg = Release|Any CPU
		{64ABE648-EFCB-46EE-9E1A-E163F52BF372}.Release|x64.ActiveCfg = Release|Any CPU
		{64ABE648-EFCB-46EE-9E1A-E163F52BF372}.Release|x86.ActiveCfg = Release|Any CPU
		{64ABE648-EFCB-46EE-9E1A-E163F52BF372}.Ubuntu_Debug|Any CPU.ActiveCfg = Debug|Any CPU
		{64ABE648-EFCB-46EE-9E1A-E163F52BF372}.Ubuntu_Debug|ARM.ActiveCfg = Debug|Any CPU
		{64ABE648-EFCB-46EE-9E1A-E163F52BF372}.Ubuntu_Debug|x64.ActiveCfg = Debug|Any CPU
		{64ABE648-EFCB-46EE-9E1A-E163F52BF372}.Ubuntu_Debug|x86.ActiveCfg = Debug|Any CPU
		{64ABE648-EFCB-46EE-9E1A-E163F52BF372}.Ubuntu_Release|Any CPU.ActiveCfg = Release|Any CPU
		{64ABE648-EFCB-46EE-9E1A-E163F52BF372}.Ubuntu_Release|ARM.ActiveCfg = Release|Any CPU
		{64ABE648-EFCB-46EE-9E1A-E163F52BF372}.Ubuntu_Release|x64.ActiveCfg = Release|Any CPU
		{64ABE648-EFCB-46EE-9E1A-E163F52BF372}.Ubuntu_Release|x86.ActiveCfg = Release|Any CPU
		{58AEF8B8-8D51-4175-AC96-BC622703E8BB}.Debug|Any CPU.ActiveCfg = Debug|Any CPU
		{58AEF8B8-8D51-4175-AC96-BC622703E8BB}.Debug|ARM.ActiveCfg = Debug|Any CPU
		{58AEF8B8-8D51-4175-AC96-BC622703E8BB}.Debug|x64.ActiveCfg = Debug|Any CPU
		{58AEF8B8-8D51-4175-AC96-BC622703E8BB}.Debug|x86.ActiveCfg = Debug|Any CPU
		{58AEF8B8-8D51-4175-AC96-BC622703E8BB}.Osx_Debug|Any CPU.ActiveCfg = Debug|Any CPU
		{58AEF8B8-8D51-4175-AC96-BC622703E8BB}.Osx_Debug|ARM.ActiveCfg = Debug|Any CPU
		{58AEF8B8-8D51-4175-AC96-BC622703E8BB}.Osx_Debug|x64.ActiveCfg = Debug|Any CPU
		{58AEF8B8-8D51-4175-AC96-BC622703E8BB}.Osx_Debug|x86.ActiveCfg = Debug|Any CPU
		{58AEF8B8-8D51-4175-AC96-BC622703E8BB}.Osx_Release|Any CPU.ActiveCfg = Release|Any CPU
		{58AEF8B8-8D51-4175-AC96-BC622703E8BB}.Osx_Release|ARM.ActiveCfg = Release|Any CPU
		{58AEF8B8-8D51-4175-AC96-BC622703E8BB}.Osx_Release|x64.ActiveCfg = Release|Any CPU
		{58AEF8B8-8D51-4175-AC96-BC622703E8BB}.Osx_Release|x86.ActiveCfg = Release|Any CPU
		{58AEF8B8-8D51-4175-AC96-BC622703E8BB}.Release|Any CPU.ActiveCfg = Release|Any CPU
		{58AEF8B8-8D51-4175-AC96-BC622703E8BB}.Release|Any CPU.Build.0 = Release|Any CPU
		{58AEF8B8-8D51-4175-AC96-BC622703E8BB}.Release|ARM.ActiveCfg = Release|Any CPU
		{58AEF8B8-8D51-4175-AC96-BC622703E8BB}.Release|x64.ActiveCfg = Release|Any CPU
		{58AEF8B8-8D51-4175-AC96-BC622703E8BB}.Release|x86.ActiveCfg = Release|Any CPU
		{58AEF8B8-8D51-4175-AC96-BC622703E8BB}.Ubuntu_Debug|Any CPU.ActiveCfg = Debug|Any CPU
		{58AEF8B8-8D51-4175-AC96-BC622703E8BB}.Ubuntu_Debug|ARM.ActiveCfg = Debug|Any CPU
		{58AEF8B8-8D51-4175-AC96-BC622703E8BB}.Ubuntu_Debug|x64.ActiveCfg = Debug|Any CPU
		{58AEF8B8-8D51-4175-AC96-BC622703E8BB}.Ubuntu_Debug|x86.ActiveCfg = Debug|Any CPU
		{58AEF8B8-8D51-4175-AC96-BC622703E8BB}.Ubuntu_Release|Any CPU.ActiveCfg = Release|Any CPU
		{58AEF8B8-8D51-4175-AC96-BC622703E8BB}.Ubuntu_Release|ARM.ActiveCfg = Release|Any CPU
		{58AEF8B8-8D51-4175-AC96-BC622703E8BB}.Ubuntu_Release|x64.ActiveCfg = Release|Any CPU
		{58AEF8B8-8D51-4175-AC96-BC622703E8BB}.Ubuntu_Release|x86.ActiveCfg = Release|Any CPU
		{AEA3C57B-8360-42FF-95E8-0F3A6BA5BCB1}.Debug|Any CPU.ActiveCfg = Debug|Any CPU
		{AEA3C57B-8360-42FF-95E8-0F3A6BA5BCB1}.Debug|ARM.ActiveCfg = Debug|Any CPU
		{AEA3C57B-8360-42FF-95E8-0F3A6BA5BCB1}.Debug|x64.ActiveCfg = Debug|Any CPU
		{AEA3C57B-8360-42FF-95E8-0F3A6BA5BCB1}.Debug|x86.ActiveCfg = Debug|Any CPU
		{AEA3C57B-8360-42FF-95E8-0F3A6BA5BCB1}.Osx_Debug|Any CPU.ActiveCfg = Debug|Any CPU
		{AEA3C57B-8360-42FF-95E8-0F3A6BA5BCB1}.Osx_Debug|ARM.ActiveCfg = Debug|Any CPU
		{AEA3C57B-8360-42FF-95E8-0F3A6BA5BCB1}.Osx_Debug|x64.ActiveCfg = Debug|Any CPU
		{AEA3C57B-8360-42FF-95E8-0F3A6BA5BCB1}.Osx_Debug|x86.ActiveCfg = Debug|Any CPU
		{AEA3C57B-8360-42FF-95E8-0F3A6BA5BCB1}.Osx_Release|Any CPU.ActiveCfg = Release|Any CPU
		{AEA3C57B-8360-42FF-95E8-0F3A6BA5BCB1}.Osx_Release|ARM.ActiveCfg = Release|Any CPU
		{AEA3C57B-8360-42FF-95E8-0F3A6BA5BCB1}.Osx_Release|x64.ActiveCfg = Release|Any CPU
		{AEA3C57B-8360-42FF-95E8-0F3A6BA5BCB1}.Osx_Release|x86.ActiveCfg = Release|Any CPU
		{AEA3C57B-8360-42FF-95E8-0F3A6BA5BCB1}.Release|Any CPU.ActiveCfg = Release|Any CPU
		{AEA3C57B-8360-42FF-95E8-0F3A6BA5BCB1}.Release|Any CPU.Build.0 = Release|Any CPU
		{AEA3C57B-8360-42FF-95E8-0F3A6BA5BCB1}.Release|ARM.ActiveCfg = Release|Any CPU
		{AEA3C57B-8360-42FF-95E8-0F3A6BA5BCB1}.Release|x64.ActiveCfg = Release|Any CPU
		{AEA3C57B-8360-42FF-95E8-0F3A6BA5BCB1}.Release|x86.ActiveCfg = Release|Any CPU
		{AEA3C57B-8360-42FF-95E8-0F3A6BA5BCB1}.Ubuntu_Debug|Any CPU.ActiveCfg = Debug|Any CPU
		{AEA3C57B-8360-42FF-95E8-0F3A6BA5BCB1}.Ubuntu_Debug|ARM.ActiveCfg = Debug|Any CPU
		{AEA3C57B-8360-42FF-95E8-0F3A6BA5BCB1}.Ubuntu_Debug|x64.ActiveCfg = Debug|Any CPU
		{AEA3C57B-8360-42FF-95E8-0F3A6BA5BCB1}.Ubuntu_Debug|x86.ActiveCfg = Debug|Any CPU
		{AEA3C57B-8360-42FF-95E8-0F3A6BA5BCB1}.Ubuntu_Release|Any CPU.ActiveCfg = Release|Any CPU
		{AEA3C57B-8360-42FF-95E8-0F3A6BA5BCB1}.Ubuntu_Release|ARM.ActiveCfg = Release|Any CPU
		{AEA3C57B-8360-42FF-95E8-0F3A6BA5BCB1}.Ubuntu_Release|x64.ActiveCfg = Release|Any CPU
		{AEA3C57B-8360-42FF-95E8-0F3A6BA5BCB1}.Ubuntu_Release|x86.ActiveCfg = Release|Any CPU
		{6CE7F3BD-2D61-44C3-828F-15D073C30690}.Debug|Any CPU.ActiveCfg = Debug|Any CPU
		{6CE7F3BD-2D61-44C3-828F-15D073C30690}.Debug|Any CPU.Build.0 = Debug|Any CPU
		{6CE7F3BD-2D61-44C3-828F-15D073C30690}.Debug|ARM.ActiveCfg = Debug|Any CPU
		{6CE7F3BD-2D61-44C3-828F-15D073C30690}.Debug|ARM.Build.0 = Debug|Any CPU
		{6CE7F3BD-2D61-44C3-828F-15D073C30690}.Debug|x64.ActiveCfg = Debug|Any CPU
		{6CE7F3BD-2D61-44C3-828F-15D073C30690}.Debug|x64.Build.0 = Debug|Any CPU
		{6CE7F3BD-2D61-44C3-828F-15D073C30690}.Debug|x86.ActiveCfg = Debug|Any CPU
		{6CE7F3BD-2D61-44C3-828F-15D073C30690}.Debug|x86.Build.0 = Debug|Any CPU
		{6CE7F3BD-2D61-44C3-828F-15D073C30690}.Osx_Debug|Any CPU.ActiveCfg = Debug|Any CPU
		{6CE7F3BD-2D61-44C3-828F-15D073C30690}.Osx_Debug|Any CPU.Build.0 = Debug|Any CPU
		{6CE7F3BD-2D61-44C3-828F-15D073C30690}.Osx_Debug|ARM.ActiveCfg = Debug|Any CPU
		{6CE7F3BD-2D61-44C3-828F-15D073C30690}.Osx_Debug|ARM.Build.0 = Debug|Any CPU
		{6CE7F3BD-2D61-44C3-828F-15D073C30690}.Osx_Debug|x64.ActiveCfg = Debug|Any CPU
		{6CE7F3BD-2D61-44C3-828F-15D073C30690}.Osx_Debug|x64.Build.0 = Debug|Any CPU
		{6CE7F3BD-2D61-44C3-828F-15D073C30690}.Osx_Debug|x86.ActiveCfg = Debug|Any CPU
		{6CE7F3BD-2D61-44C3-828F-15D073C30690}.Osx_Debug|x86.Build.0 = Debug|Any CPU
		{6CE7F3BD-2D61-44C3-828F-15D073C30690}.Osx_Release|Any CPU.ActiveCfg = Release|Any CPU
		{6CE7F3BD-2D61-44C3-828F-15D073C30690}.Osx_Release|Any CPU.Build.0 = Release|Any CPU
		{6CE7F3BD-2D61-44C3-828F-15D073C30690}.Osx_Release|ARM.ActiveCfg = Release|Any CPU
		{6CE7F3BD-2D61-44C3-828F-15D073C30690}.Osx_Release|ARM.Build.0 = Release|Any CPU
		{6CE7F3BD-2D61-44C3-828F-15D073C30690}.Osx_Release|x64.ActiveCfg = Release|Any CPU
		{6CE7F3BD-2D61-44C3-828F-15D073C30690}.Osx_Release|x64.Build.0 = Release|Any CPU
		{6CE7F3BD-2D61-44C3-828F-15D073C30690}.Osx_Release|x86.ActiveCfg = Release|Any CPU
		{6CE7F3BD-2D61-44C3-828F-15D073C30690}.Osx_Release|x86.Build.0 = Release|Any CPU
		{6CE7F3BD-2D61-44C3-828F-15D073C30690}.Release|Any CPU.ActiveCfg = Release|Any CPU
		{6CE7F3BD-2D61-44C3-828F-15D073C30690}.Release|Any CPU.Build.0 = Release|Any CPU
		{6CE7F3BD-2D61-44C3-828F-15D073C30690}.Release|ARM.ActiveCfg = Release|Any CPU
		{6CE7F3BD-2D61-44C3-828F-15D073C30690}.Release|ARM.Build.0 = Release|Any CPU
		{6CE7F3BD-2D61-44C3-828F-15D073C30690}.Release|x64.ActiveCfg = Release|Any CPU
		{6CE7F3BD-2D61-44C3-828F-15D073C30690}.Release|x64.Build.0 = Release|Any CPU
		{6CE7F3BD-2D61-44C3-828F-15D073C30690}.Release|x86.ActiveCfg = Release|Any CPU
		{6CE7F3BD-2D61-44C3-828F-15D073C30690}.Release|x86.Build.0 = Release|Any CPU
		{6CE7F3BD-2D61-44C3-828F-15D073C30690}.Ubuntu_Debug|Any CPU.ActiveCfg = Debug|Any CPU
		{6CE7F3BD-2D61-44C3-828F-15D073C30690}.Ubuntu_Debug|Any CPU.Build.0 = Debug|Any CPU
		{6CE7F3BD-2D61-44C3-828F-15D073C30690}.Ubuntu_Debug|ARM.ActiveCfg = Debug|Any CPU
		{6CE7F3BD-2D61-44C3-828F-15D073C30690}.Ubuntu_Debug|ARM.Build.0 = Debug|Any CPU
		{6CE7F3BD-2D61-44C3-828F-15D073C30690}.Ubuntu_Debug|x64.ActiveCfg = Debug|Any CPU
		{6CE7F3BD-2D61-44C3-828F-15D073C30690}.Ubuntu_Debug|x64.Build.0 = Debug|Any CPU
		{6CE7F3BD-2D61-44C3-828F-15D073C30690}.Ubuntu_Debug|x86.ActiveCfg = Debug|Any CPU
		{6CE7F3BD-2D61-44C3-828F-15D073C30690}.Ubuntu_Debug|x86.Build.0 = Debug|Any CPU
		{6CE7F3BD-2D61-44C3-828F-15D073C30690}.Ubuntu_Release|Any CPU.ActiveCfg = Release|Any CPU
		{6CE7F3BD-2D61-44C3-828F-15D073C30690}.Ubuntu_Release|Any CPU.Build.0 = Release|Any CPU
		{6CE7F3BD-2D61-44C3-828F-15D073C30690}.Ubuntu_Release|ARM.ActiveCfg = Release|Any CPU
		{6CE7F3BD-2D61-44C3-828F-15D073C30690}.Ubuntu_Release|ARM.Build.0 = Release|Any CPU
		{6CE7F3BD-2D61-44C3-828F-15D073C30690}.Ubuntu_Release|x64.ActiveCfg = Release|Any CPU
		{6CE7F3BD-2D61-44C3-828F-15D073C30690}.Ubuntu_Release|x64.Build.0 = Release|Any CPU
		{6CE7F3BD-2D61-44C3-828F-15D073C30690}.Ubuntu_Release|x86.ActiveCfg = Release|Any CPU
		{6CE7F3BD-2D61-44C3-828F-15D073C30690}.Ubuntu_Release|x86.Build.0 = Release|Any CPU
	EndGlobalSection
	GlobalSection(SolutionProperties) = preSolution
		HideSolutionNode = FALSE
	EndGlobalSection
	GlobalSection(TestCaseManagementSettings) = postSolution
		CategoryFile = JSONAPI.vsmdi
	EndGlobalSection
EndGlobal
